{
    "version": 3,
    "terraform_version": "0.11.8",
    "serial": 6,
    "lineage": "e2e1464b-7809-3b41-69a4-ec3751f1224b",
    "modules": [
        {
            "path": [
                "root"
            ],
            "outputs": {},
            "resources": {
                "aws_s3_bucket.standard_s3_bucket": {
                    "type": "aws_s3_bucket",
                    "depends_on": [],
                    "primary": {
                        "id": "standard-s3-20180821162433421700000001",
                        "attributes": {
                            "acceleration_status": "",
                            "acl": "private",
                            "arn": "arn:aws:s3:::standard-s3-20180821162433421700000001",
                            "bucket": "standard-s3-20180821162433421700000001",
                            "bucket_domain_name": "standard-s3-20180821162433421700000001.s3.amazonaws.com",
                            "bucket_prefix": "standard-s3-",
                            "bucket_regional_domain_name": "standard-s3-20180821162433421700000001.s3.amazonaws.com",
                            "cors_rule.#": "0",
                            "force_destroy": "false",
                            "hosted_zone_id": "Z3AQBSTGFYJSTF",
                            "id": "standard-s3-20180821162433421700000001",
                            "logging.#": "0",
                            "region": "us-east-1",
                            "replication_configuration.#": "0",
                            "request_payer": "BucketOwner",
                            "server_side_encryption_configuration.#": "1",
                            "server_side_encryption_configuration.0.rule.#": "1",
                            "server_side_encryption_configuration.0.rule.0.apply_server_side_encryption_by_default.#": "1",
                            "server_side_encryption_configuration.0.rule.0.apply_server_side_encryption_by_default.0.kms_master_key_id": "",
                            "server_side_encryption_configuration.0.rule.0.apply_server_side_encryption_by_default.0.sse_algorithm": "AES256",
                            "tags.%": "5",
                            "tags.email": "scharfat@gmail.com",
                            "tags.environment": "test",
                            "tags.foo": "bar",
                            "tags.owner": "Adam Scharf",
                            "tags.project": "Solution Architect Associate Exam",
                            "versioning.#": "1",
                            "versioning.0.enabled": "false",
                            "versioning.0.mfa_delete": "false",
                            "website.#": "0"
                        },
                        "meta": {},
                        "tainted": false
                    },
                    "deposed": [],
                    "provider": "provider.aws"
                }
            },
            "depends_on": []
        }
    ]
}
