{
    "version": 3,
    "terraform_version": "0.11.8",
    "serial": 9,
    "lineage": "0063ced2-d605-be47-9a33-dff997a865e9",
    "modules": [
        {
            "path": [
                "root"
            ],
            "outputs": {
                "credit_specification_t2_unlimited": {
                    "sensitive": false,
                    "type": "list",
                    "value": [
                        [
                            {
                                "cpu_credits": "standard"
                            }
                        ]
                    ]
                },
                "ids": {
                    "sensitive": false,
                    "type": "list",
                    "value": [
                        "i-0a41799e71f3955c3"
                    ]
                },
                "instance_id": {
                    "sensitive": false,
                    "type": "string",
                    "value": "i-0a41799e71f3955c3"
                },
                "instance_public_dns": {
                    "sensitive": false,
                    "type": "string",
                    "value": "ec2-34-229-214-128.compute-1.amazonaws.com"
                },
                "public_dns": {
                    "sensitive": false,
                    "type": "list",
                    "value": [
                        "ec2-34-229-214-128.compute-1.amazonaws.com"
                    ]
                },
                "tags": {
                    "sensitive": false,
                    "type": "list",
                    "value": [
                        {
                            "Environment": "ACloudGuru",
                            "Module": "tf-aws-ec2-basic",
                            "Name": "Default VPC Instance",
                            "Terraform": "1",
                            "email": "scharfat@gmail.com",
                            "owner": "Adam Scharf"
                        }
                    ]
                },
                "vpc_security_group_ids": {
                    "sensitive": false,
                    "type": "list",
                    "value": [
                        "sg-cc1fb6b6"
                    ]
                }
            },
            "resources": {
                "data.aws_ami.amzn2": {
                    "type": "aws_ami",
                    "depends_on": [],
                    "primary": {
                        "id": "ami-04681a1dbd79675a5",
                        "attributes": {
                            "architecture": "x86_64",
                            "block_device_mappings.#": "1",
                            "block_device_mappings.340275815.device_name": "/dev/xvda",
                            "block_device_mappings.340275815.ebs.%": "6",
                            "block_device_mappings.340275815.ebs.delete_on_termination": "true",
                            "block_device_mappings.340275815.ebs.encrypted": "false",
                            "block_device_mappings.340275815.ebs.iops": "0",
                            "block_device_mappings.340275815.ebs.snapshot_id": "snap-0e848b692c3c7de9e",
                            "block_device_mappings.340275815.ebs.volume_size": "8",
                            "block_device_mappings.340275815.ebs.volume_type": "gp2",
                            "block_device_mappings.340275815.no_device": "",
                            "block_device_mappings.340275815.virtual_name": "",
                            "creation_date": "2018-08-11T03:42:40.000Z",
                            "description": "Amazon Linux 2 AMI 2.0.20180810 x86_64 HVM gp2",
                            "filter.#": "1",
                            "filter.1262882337.name": "name",
                            "filter.1262882337.values.#": "1",
                            "filter.1262882337.values.0": "amzn2-ami-hvm-*-x86_64-gp2",
                            "hypervisor": "xen",
                            "id": "ami-04681a1dbd79675a5",
                            "image_id": "ami-04681a1dbd79675a5",
                            "image_location": "amazon/amzn2-ami-hvm-2.0.20180810-x86_64-gp2",
                            "image_owner_alias": "amazon",
                            "image_type": "machine",
                            "most_recent": "true",
                            "name": "amzn2-ami-hvm-2.0.20180810-x86_64-gp2",
                            "owner_id": "137112412989",
                            "owners.#": "1",
                            "owners.0": "amazon",
                            "product_codes.#": "0",
                            "public": "true",
                            "root_device_name": "/dev/xvda",
                            "root_device_type": "ebs",
                            "root_snapshot_id": "snap-0e848b692c3c7de9e",
                            "sriov_net_support": "simple",
                            "state": "available",
                            "state_reason.%": "2",
                            "state_reason.code": "UNSET",
                            "state_reason.message": "UNSET",
                            "tags.%": "0",
                            "virtualization_type": "hvm"
                        },
                        "meta": {},
                        "tainted": false
                    },
                    "deposed": [],
                    "provider": "provider.aws"
                }
            },
            "depends_on": []
        },
        {
            "path": [
                "root",
                "ec2"
            ],
            "outputs": {
                "availability_zone": {
                    "sensitive": false,
                    "type": "list",
                    "value": [
                        "us-east-1a"
                    ]
                },
                "credit_specification": {
                    "sensitive": false,
                    "type": "list",
                    "value": [
                        [
                            {
                                "cpu_credits": "standard"
                            }
                        ]
                    ]
                },
                "id": {
                    "sensitive": false,
                    "type": "list",
                    "value": [
                        "i-0a41799e71f3955c3"
                    ]
                },
                "key_name": {
                    "sensitive": false,
                    "type": "list",
                    "value": [
                        "personal_aws_adamscharf"
                    ]
                },
                "network_interface_id": {
                    "sensitive": false,
                    "type": "list",
                    "value": [
                        "eni-07828a57330328bae"
                    ]
                },
                "primary_network_interface_id": {
                    "sensitive": false,
                    "type": "list",
                    "value": [
                        "eni-07828a57330328bae"
                    ]
                },
                "private_dns": {
                    "sensitive": false,
                    "type": "list",
                    "value": [
                        "ip-172-31-17-127.ec2.internal"
                    ]
                },
                "private_ip": {
                    "sensitive": false,
                    "type": "list",
                    "value": [
                        "172.31.17.127"
                    ]
                },
                "public_dns": {
                    "sensitive": false,
                    "type": "list",
                    "value": [
                        "ec2-34-229-214-128.compute-1.amazonaws.com"
                    ]
                },
                "public_ip": {
                    "sensitive": false,
                    "type": "list",
                    "value": [
                        "34.229.214.128"
                    ]
                },
                "security_groups": {
                    "sensitive": false,
                    "type": "list",
                    "value": [
                        "Web-DMZ"
                    ]
                },
                "subnet_id": {
                    "sensitive": false,
                    "type": "list",
                    "value": [
                        "subnet-7086cf28"
                    ]
                },
                "tags": {
                    "sensitive": false,
                    "type": "list",
                    "value": [
                        {
                            "Environment": "ACloudGuru",
                            "Module": "tf-aws-ec2-basic",
                            "Name": "Default VPC Instance",
                            "Terraform": "1",
                            "email": "scharfat@gmail.com",
                            "owner": "Adam Scharf"
                        }
                    ]
                },
                "vpc_security_group_ids": {
                    "sensitive": false,
                    "type": "list",
                    "value": [
                        "sg-cc1fb6b6"
                    ]
                }
            },
            "resources": {
                "aws_instance.this_t2": {
                    "type": "aws_instance",
                    "depends_on": [
                        "local.is_t2_instance_type"
                    ],
                    "primary": {
                        "id": "i-0a41799e71f3955c3",
                        "attributes": {
                            "ami": "ami-04681a1dbd79675a5",
                            "arn": "arn:aws:ec2:us-east-1:227650818396:instance/i-0a41799e71f3955c3",
                            "associate_public_ip_address": "true",
                            "availability_zone": "us-east-1a",
                            "cpu_core_count": "1",
                            "cpu_threads_per_core": "1",
                            "credit_specification.#": "1",
                            "credit_specification.0.cpu_credits": "standard",
                            "disable_api_termination": "false",
                            "ebs_block_device.#": "0",
                            "ebs_optimized": "false",
                            "ephemeral_block_device.#": "0",
                            "get_password_data": "false",
                            "iam_instance_profile": "",
                            "id": "i-0a41799e71f3955c3",
                            "instance_state": "running",
                            "instance_type": "t2.micro",
                            "ipv6_address_count": "0",
                            "ipv6_addresses.#": "0",
                            "key_name": "personal_aws_adamscharf",
                            "monitoring": "false",
                            "network_interface.#": "0",
                            "network_interface_id": "eni-07828a57330328bae",
                            "password_data": "",
                            "placement_group": "",
                            "primary_network_interface_id": "eni-07828a57330328bae",
                            "private_dns": "ip-172-31-17-127.ec2.internal",
                            "private_ip": "172.31.17.127",
                            "public_dns": "ec2-34-229-214-128.compute-1.amazonaws.com",
                            "public_ip": "34.229.214.128",
                            "root_block_device.#": "1",
                            "root_block_device.0.delete_on_termination": "true",
                            "root_block_device.0.iops": "100",
                            "root_block_device.0.volume_id": "vol-0f285bf29c97f4932",
                            "root_block_device.0.volume_size": "8",
                            "root_block_device.0.volume_type": "gp2",
                            "security_groups.#": "1",
                            "security_groups.729246174": "Web-DMZ",
                            "source_dest_check": "true",
                            "subnet_id": "subnet-7086cf28",
                            "tags.%": "6",
                            "tags.Environment": "ACloudGuru",
                            "tags.Module": "tf-aws-ec2-basic",
                            "tags.Name": "Default VPC Instance",
                            "tags.Terraform": "true",
                            "tags.email": "scharfat@gmail.com",
                            "tags.owner": "Adam Scharf",
                            "tenancy": "default",
                            "user_data": "b3a9af63ec5ae9ab5f5c8b3318ec2d913f5b0869",
                            "volume_tags.%": "0",
                            "vpc_security_group_ids.#": "1",
                            "vpc_security_group_ids.1477730864": "sg-cc1fb6b6"
                        },
                        "meta": {
                            "e2bfb730-ecaa-11e6-8f88-34363bc7c4c0": {
                                "create": 600000000000,
                                "delete": 1200000000000,
                                "update": 600000000000
                            },
                            "schema_version": "1"
                        },
                        "tainted": false
                    },
                    "deposed": [],
                    "provider": "provider.aws"
                }
            },
            "depends_on": []
        }
    ]
}
